// !$*UTF8*$!
{
	archiveVersion = 1;
	classes = {
	};
	objectVersion = 77;
	objects = {

/* Begin PBXBuildFile section */
		F59CE52F3008C7BE00F6D1F4 /* WeatherRow.swift in Sources */ = {isa = PBXBuildFile; fileRef = F59CE5283008C7BE00F6D1F4 /* WeatherRow.swift */; };
		F59CE5303008C7BE00F6D1F4 /* WeatherNowApp.swift in Sources */ = {isa = PBXBuildFile; fileRef = F59CE52D3008C7BE00F6D1F4 /* WeatherNowApp.swift */; };
		F59CE5313008C7BE00F6D1F4 /* FavoriteButton.swift in Sources */ = {isa = PBXBuildFile; fileRef = F59CE5253008C7BE00F6D1F4 /* FavoriteButton.swift */; };
		F59CE5323008C7BE00F6D1F4 /* WeatherData.swift in Sources */ = {isa = PBXBuildFile; fileRef = F59CE5203008C7BE00F6D1F4 /* WeatherData.swift */; };
		F59CE5333008C7BE00F6D1F4 /* ModelData.swift in Sources */ = {isa = PBXBuildFile; fileRef = F59CE51F3008C7BE00F6D1F4 /* ModelData.swift */; };
		F59CE5343008C7BE00F6D1F4 /* WeatherDetail.swift in Sources */ = {isa = PBXBuildFile; fileRef = F59CE5273008C7BE00F6D1F4 /* WeatherDetail.swift */; };
		F59CE5353008C7BE00F6D1F4 /* ContentView.swift in Sources */ = {isa = PBXBuildFile; fileRef = F59CE52A3008C7BE00F6D1F4 /* ContentView.swift */; };
		F59CE5363008C7BE00F6D1F4 /* WeatherFecher.swift in Sources */ = {isa = PBXBuildFile; fileRef = F59CE51D3008C7BE00F6D1F4 /* WeatherFecher.swift */; };
		F59CE5373008C7BE00F6D1F4 /* AreaRow.swift in Sources */ = {isa = PBXBuildFile; fileRef = F59CE5243008C7BE00F6D1F4 /* AreaRow.swift */; };
		F59CE5383008C7BE00F6D1F4 /* Assets.xcassets in Resources */ = {isa = PBXBuildFile; fileRef = F59CE52C3008C7BE00F6D1F4 /* Assets.xcassets */; };
		F59CE5393008C7BE00F6D1F4 /* wetherData.json in Resources */ = {isa = PBXBuildFile; fileRef = F59CE5223008C7BE00F6D1F4 /* wetherData.json */; };
		F5DC0449300084320033C5CE /* SDWebImageSwiftUI in Frameworks */ = {isa = PBXBuildFile; productRef = F5DC0448300084320033C5CE /* SDWebImageSwiftUI */; };
		F5DC044C300085AF0033C5CE /* SDWebImageSVGCoder in Frameworks */ = {isa = PBXBuildFile; productRef = F5DC044B300085AF0033C5CE /* SDWebImageSVGCoder */; };
/* End PBXBuildFile section */

/* Begin PBXFileReference section */
		F5366F0B2FF784B70074046C /* WeatherNow.app */ = {isa = PBXFileReference; explicitFileType = wrapper.application; includeInIndex = 0; path = WeatherNow.app; sourceTree = BUILT_PRODUCTS_DIR; };
		F59CE51D3008C7BE00F6D1F4 /* WeatherFecher.swift */ = {isa = PBXFileReference; lastKnownFileType = sourcecode.swift; path = WeatherFecher.swift; sourceTree = "<group>"; };
		F59CE51F3008C7BE00F6D1F4 /* ModelData.swift */ = {isa = PBXFileReference; lastKnownFileType = sourcecode.swift; path = ModelData.swift; sourceTree = "<group>"; };
		F59CE5203008C7BE00F6D1F4 /* WeatherData.swift */ = {isa = PBXFileReference; lastKnownFileType = sourcecode.swift; path = WeatherData.swift; sourceTree = "<group>"; };
		F59CE5223008C7BE00F6D1F4 /* wetherData.json */ = {isa = PBXFileReference; lastKnownFileType = text.json; path = wetherData.json; sourceTree = "<group>"; };
		F59CE5243008C7BE00F6D1F4 /* AreaRow.swift */ = {isa = PBXFileReference; lastKnownFileType = sourcecode.swift; path = AreaRow.swift; sourceTree = "<group>"; };
		F59CE5253008C7BE00F6D1F4 /* FavoriteButton.swift */ = {isa = PBXFileReference; lastKnownFileType = sourcecode.swift; path = FavoriteButton.swift; sourceTree = "<group>"; };
		F59CE5273008C7BE00F6D1F4 /* WeatherDetail.swift */ = {isa = PBXFileReference; lastKnownFileType = sourcecode.swift; path = WeatherDetail.swift; sourceTree = "<group>"; };
		F59CE5283008C7BE00F6D1F4 /* WeatherRow.swift */ = {isa = PBXFileReference; lastKnownFileType = sourcecode.swift; path = WeatherRow.swift; sourceTree = "<group>"; };
		F59CE52A3008C7BE00F6D1F4 /* ContentView.swift */ = {isa = PBXFileReference; lastKnownFileType = sourcecode.swift; path = ContentView.swift; sourceTree = "<group>"; };
		F59CE52C3008C7BE00F6D1F4 /* Assets.xcassets */ = {isa = PBXFileReference; lastKnownFileType = folder.assetcatalog; path = Assets.xcassets; sourceTree = "<group>"; };
		F59CE52D3008C7BE00F6D1F4 /* WeatherNowApp.swift */ = {isa = PBXFileReference; lastKnownFileType = sourcecode.swift; path = WeatherNowApp.swift; sourceTree = "<group>"; };
/* End PBXFileReference section */

/* Begin PBXFrameworksBuildPhase section */
		F5366F082FF784B70074046C /* Frameworks */ = {
			isa = PBXFrameworksBuildPhase;
			buildActionMask = 2147483647;
			files = (
				F5DC0449300084320033C5CE /* SDWebImageSwiftUI in Frameworks */,
				F5DC044C300085AF0033C5CE /* SDWebImageSVGCoder in Frameworks */,
			);
			runOnlyForDeploymentPostprocessing = 0;
		};
/* End PBXFrameworksBuildPhase section */

/* Begin PBXGroup section */
		F5366F022FF784B70074046C = {
			isa = PBXGroup;
			children = (
				F59CE52E3008C7BE00F6D1F4 /* WeatherNow */,
				F5366F0C2FF784B70074046C /* Products */,
			);
			sourceTree = "<group>";
		};
		F5366F0C2FF784B70074046C /* Products */ = {
			isa = PBXGroup;
			children = (
				F5366F0B2FF784B70074046C /* WeatherNow.app */,
			);
			name = Products;
			sourceTree = "<group>";
		};
		F59CE51E3008C7BE00F6D1F4 /* API */ = {
			isa = PBXGroup;
			children = (
				F59CE51D3008C7BE00F6D1F4 /* WeatherFecher.swift */,
			);
			path = API;
			sourceTree = "<group>";
		};
		F59CE5213008C7BE00F6D1F4 /* Models */ = {
			isa = PBXGroup;
			children = (
				F59CE51F3008C7BE00F6D1F4 /* ModelData.swift */,
				F59CE5203008C7BE00F6D1F4 /* WeatherData.swift */,
			);
			path = Models;
			sourceTree = "<group>";
		};
		F59CE5233008C7BE00F6D1F4 /* Resources */ = {
			isa = PBXGroup;
			children = (
				F59CE5223008C7BE00F6D1F4 /* wetherData.json */,
			);
			path = Resources;
			sourceTree = "<group>";
		};
		F59CE5263008C7BE00F6D1F4 /* Areas */ = {
			isa = PBXGroup;
			children = (
				F59CE5243008C7BE00F6D1F4 /* AreaRow.swift */,
				F59CE5253008C7BE00F6D1F4 /* FavoriteButton.swift */,
			);
			path = Areas;
			sourceTree = "<group>";
		};
		F59CE5293008C7BE00F6D1F4 /* Details */ = {
			isa = PBXGroup;
			children = (
				F59CE5273008C7BE00F6D1F4 /* WeatherDetail.swift */,
				F59CE5283008C7BE00F6D1F4 /* WeatherRow.swift */,
			);
			path = Details;
			sourceTree = "<group>";
		};
		F59CE52B3008C7BE00F6D1F4 /* Views */ = {
			isa = PBXGroup;
			children = (
				F59CE5263008C7BE00F6D1F4 /* Areas */,
				F59CE5293008C7BE00F6D1F4 /* Details */,
				F59CE52A3008C7BE00F6D1F4 /* ContentView.swift */,
			);
			path = Views;
			sourceTree = "<group>";
		};
		F59CE52E3008C7BE00F6D1F4 /* WeatherNow */ = {
			isa = PBXGroup;
			children = (
				F59CE51E3008C7BE00F6D1F4 /* API */,
				F59CE5213008C7BE00F6D1F4 /* Models */,
				F59CE5233008C7BE00F6D1F4 /* Resources */,
				F59CE52B3008C7BE00F6D1F4 /* Views */,
				F59CE52C3008C7BE00F6D1F4 /* Assets.xcassets */,
				F59CE52D3008C7BE00F6D1F4 /* WeatherNowApp.swift */,
			);
			path = WeatherNow;
			sourceTree = "<group>";
		};
/* End PBXGroup section */

/* Begin PBXNativeTarget section */
		F5366F0A2FF784B70074046C /* WetherNow */ = {
			isa = PBXNativeTarget;
			buildConfigurationList = F5366F162FF784B80074046C /* Build configuration list for PBXNativeTarget "WetherNow" */;
			buildPhases = (
				F5366F072FF784B70074046C /* Sources */,
				F5366F082FF784B70074046C /* Frameworks */,
				F5366F092FF784B70074046C /* Resources */,
			);
			buildRules = (
			);
			dependencies = (
			);
			name = WetherNow;
			packageProductDependencies = (
				F5DC0448300084320033C5CE /* SDWebImageSwiftUI */,
				F5DC044B300085AF0033C5CE /* SDWebImageSVGCoder */,
			);
			productName = WetherNow;
			productReference = F5366F0B2FF784B70074046C /* WeatherNow.app */;
			productType = "com.apple.product-type.application";
		};
/* End PBXNativeTarget section */

/* Begin PBXProject section */
		F5366F032FF784B70074046C /* Project object */ = {
			isa = PBXProject;
			attributes = {
				BuildIndependentTargetsInParallel = 1;
				LastSwiftUpdateCheck = 2660;
				LastUpgradeCheck = 2660;
				TargetAttributes = {
					F5366F0A2FF784B70074046C = {
						CreatedOnToolsVersion = 26.6;
					};
				};
			};
			buildConfigurationList = F5366F062FF784B70074046C /* Build configuration list for PBXProject "WeatherNow" */;
			developmentRegion = en;
			hasScannedForEncodings = 0;
			knownRegions = (
				en,
				Base,
			);
			mainGroup = F5366F022FF784B70074046C;
			minimizedProjectReferenceProxies = 1;
			packageReferences = (
				F5DC0447300084320033C5CE /* XCRemoteSwiftPackageReference "SDWebImageSwiftUI" */,
				F5DC044A300085AF0033C5CE /* XCRemoteSwiftPackageReference "SDWebImageSVGCoder" */,
			);
			preferredProjectObjectVersion = 77;
			productRefGroup = F5366F0C2FF784B70074046C /* Products */;
			projectDirPath = "";
			projectRoot = "";
			targets = (
				F5366F0A2FF784B70074046C /* WetherNow */,
			);
		};
/* End PBXProject section */

/* Begin PBXResourcesBuildPhase section */
		F5366F092FF784B70074046C /* Resources */ = {
			isa = PBXResourcesBuildPhase;
			buildActionMask = 2147483647;
			files = (
				F59CE5383008C7BE00F6D1F4 /* Assets.xcassets in Resources */,
				F59CE5393008C7BE00F6D1F4 /* wetherData.json in Resources */,
			);
			runOnlyForDeploymentPostprocessing = 0;
		};
/* End PBXResourcesBuildPhase section */

/* Begin PBXSourcesBuildPhase section */
		F5366F072FF784B70074046C /* Sources */ = {
			isa = PBXSourcesBuildPhase;
			buildActionMask = 2147483647;
			files = (
				F59CE52F3008C7BE00F6D1F4 /* WeatherRow.swift in Sources */,
				F59CE5303008C7BE00F6D1F4 /* WeatherNowApp.swift in Sources */,
				F59CE5313008C7BE00F6D1F4 /* FavoriteButton.swift in Sources */,
				F59CE5323008C7BE00F6D1F4 /* WeatherData.swift in Sources */,
				F59CE5333008C7BE00F6D1F4 /* ModelData.swift in Sources */,
				F59CE5343008C7BE00F6D1F4 /* WeatherDetail.swift in Sources */,
				F59CE5353008C7BE00F6D1F4 /* ContentView.swift in Sources */,
				F59CE5363008C7BE00F6D1F4 /* WeatherFecher.swift in Sources */,
				F59CE5373008C7BE00F6D1F4 /* AreaRow.swift in Sources */,
			);
			runOnlyForDeploymentPostprocessing = 0;
		};
/* End PBXSourcesBuildPhase section */

/* Begin XCBuildConfiguration section */
		F5366F142FF784B80074046C /* Debug */ = {
			isa = XCBuildConfiguration;
			buildSettings = {
				ALWAYS_SEARCH_USER_PATHS = NO;
				ASSETCATALOG_COMPILER_GENERATE_SWIFT_ASSET_SYMBOL_EXTENSIONS = YES;
				CLANG_ANALYZER_NONNULL = YES;
				CLANG_ANALYZER_NUMBER_OBJECT_CONVERSION = YES_AGGRESSIVE;
				CLANG_CXX_LANGUAGE_STANDARD = "gnu++20";
				CLANG_ENABLE_MODULES = YES;
				CLANG_ENABLE_OBJC_ARC = YES;
				CLANG_ENABLE_OBJC_WEAK = YES;
				CLANG_WARN_BLOCK_CAPTURE_AUTORELEASING = YES;
				CLANG_WARN_BOOL_CONVERSION = YES;
				CLANG_WARN_COMMA = YES;
				CLANG_WARN_CONSTANT_CONVERSION = YES;
				CLANG_WARN_DEPRECATED_OBJC_IMPLEMENTATIONS = YES;
				CLANG_WARN_DIRECT_OBJC_ISA_USAGE = YES_ERROR;
				CLANG_WARN_DOCUMENTATION_COMMENTS = YES;
				CLANG_WARN_EMPTY_BODY = YES;
				CLANG_WARN_ENUM_CONVERSION = YES;
				CLANG_WARN_INFINITE_RECURSION = YES;
				CLANG_WARN_INT_CONVERSION = YES;
				CLANG_WARN_NON_LITERAL_NULL_CONVERSION = YES;
				CLANG_WARN_OBJC_IMPLICIT_RETAIN_SELF = YES;
				CLANG_WARN_OBJC_LITERAL_CONVERSION = YES;
				CLANG_WARN_OBJC_ROOT_CLASS = YES_ERROR;
				CLANG_WARN_QUOTED_INCLUDE_IN_FRAMEWORK_HEADER = YES;
				CLANG_WARN_RANGE_LOOP_ANALYSIS = YES;
				CLANG_WARN_STRICT_PROTOTYPES = YES;
				CLANG_WARN_SUSPICIOUS_MOVE = YES;
				CLANG_WARN_UNGUARDED_AVAILABILITY = YES_AGGRESSIVE;
				CLANG_WARN_UNREACHABLE_CODE = YES;
				CLANG_WARN__DUPLICATE_METHOD_MATCH = YES;
				COPY_PHASE_STRIP = NO;
				DEBUG_INFORMATION_FORMAT = dwarf;
				ENABLE_STRICT_OBJC_MSGSEND = YES;
				ENABLE_TESTABILITY = YES;
				ENABLE_USER_SCRIPT_SANDBOXING = YES;
				GCC_C_LANGUAGE_STANDARD = gnu17;
				GCC_DYNAMIC_NO_PIC = NO;
				GCC_NO_COMMON_BLOCKS = YES;
				GCC_OPTIMIZATION_LEVEL = 0;
				GCC_PREPROCESSOR_DEFINITIONS = (
					"DEBUG=1",
					"$(inherited)",
				);
				GCC_WARN_64_TO_32_BIT_CONVERSION = YES;
				GCC_WARN_ABOUT_RETURN_TYPE = YES_ERROR;
				GCC_WARN_UNDECLARED_SELECTOR = YES;
				GCC_WARN_UNINITIALIZED_AUTOS = YES_AGGRESSIVE;
				GCC_WARN_UNUSED_FUNCTION = YES;
				GCC_WARN_UNUSED_VARIABLE = YES;
				IPHONEOS_DEPLOYMENT_TARGET = 26.5;
				LOCALIZATION_PREFERS_STRING_CATALOGS = YES;
				MTL_ENABLE_DEBUG_INFO = INCLUDE_SOURCE;
				MTL_FAST_MATH = YES;
				ONLY_ACTIVE_ARCH = YES;
				SDKROOT = iphoneos;
				SWIFT_ACTIVE_COMPILATION_CONDITIONS = "DEBUG $(inherited)";
				SWIFT_OPTIMIZATION_LEVEL = "-Onone";
			};
			name = Debug;
		};
		F5366F152FF784B80074046C /* Release */ = {
			isa = XCBuildConfiguration;
			buildSettings = {
				ALWAYS_SEARCH_USER_PATHS = NO;
				ASSETCATALOG_COMPILER_GENERATE_SWIFT_ASSET_SYMBOL_EXTENSIONS = YES;
				CLANG_ANALYZER_NONNULL = YES;
				CLANG_ANALYZER_NUMBER_OBJECT_CONVERSION = YES_AGGRESSIVE;
				CLANG_CXX_LANGUAGE_STANDARD = "gnu++20";
				CLANG_ENABLE_MODULES = YES;
				CLANG_ENABLE_OBJC_ARC = YES;
				CLANG_ENABLE_OBJC_WEAK = YES;
				CLANG_WARN_BLOCK_CAPTURE_AUTORELEASING = YES;
				CLANG_WARN_BOOL_CONVERSION = YES;
				CLANG_WARN_COMMA = YES;
				CLANG_WARN_CONSTANT_CONVERSION = YES;
				CLANG_WARN_DEPRECATED_OBJC_IMPLEMENTATIONS = YES;
				CLANG_WARN_DIRECT_OBJC_ISA_USAGE = YES_ERROR;
				CLANG_WARN_DOCUMENTATION_COMMENTS = YES;
				CLANG_WARN_EMPTY_BODY = YES;
				CLANG_WARN_ENUM_CONVERSION = YES;
				CLANG_WARN_INFINITE_RECURSION = YES;
				CLANG_WARN_INT_CONVERSION = YES;
				CLANG_WARN_NON_LITERAL_NULL_CONVERSION = YES;
				CLANG_WARN_OBJC_IMPLICIT_RETAIN_SELF = YES;
				CLANG_WARN_OBJC_LITERAL_CONVERSION = YES;
				CLANG_WARN_OBJC_ROOT_CLASS = YES_ERROR;
				CLANG_WARN_QUOTED_INCLUDE_IN_FRAMEWORK_HEADER = YES;
				CLANG_WARN_RANGE_LOOP_ANALYSIS = YES;
				CLANG_WARN_STRICT_PROTOTYPES = YES;
				CLANG_WARN_SUSPICIOUS_MOVE = YES;
				CLANG_WARN_UNGUARDED_AVAILABILITY = YES_AGGRESSIVE;
				CLANG_WARN_UNREACHABLE_CODE = YES;
				CLANG_WARN__DUPLICATE_METHOD_MATCH = YES;
				COPY_PHASE_STRIP = NO;
				DEBUG_INFORMATION_FORMAT = "dwarf-with-dsym";
				ENABLE_NS_ASSERTIONS = NO;
				ENABLE_STRICT_OBJC_MSGSEND = YES;
				ENABLE_USER_SCRIPT_SANDBOXING = YES;
				GCC_C_LANGUAGE_STANDARD = gnu17;
				GCC_NO_COMMON_BLOCKS = YES;
				GCC_WARN_64_TO_32_BIT_CONVERSION = YES;
				GCC_WARN_ABOUT_RETURN_TYPE = YES_ERROR;
				GCC_WARN_UNDECLARED_SELECTOR = YES;
				GCC_WARN_UNINITIALIZED_AUTOS = YES_AGGRESSIVE;
				GCC_WARN_UNUSED_FUNCTION = YES;
				GCC_WARN_UNUSED_VARIABLE = YES;
				IPHONEOS_DEPLOYMENT_TARGET = 26.5;
				LOCALIZATION_PREFERS_STRING_CATALOGS = YES;
				MTL_ENABLE_DEBUG_INFO = NO;
				MTL_FAST_MATH = YES;
				SDKROOT = iphoneos;
				SWIFT_COMPILATION_MODE = wholemodule;
				VALIDATE_PRODUCT = YES;
			};
			name = Release;
		};
		F5366F172FF784B80074046C /* Debug */ = {
			isa = XCBuildConfiguration;
			buildSettings = {
				ASSETCATALOG_COMPILER_APPICON_NAME = AppIcon;
				ASSETCATALOG_COMPILER_GLOBAL_ACCENT_COLOR_NAME = AccentColor;
				CODE_SIGN_STYLE = Automatic;
				CURRENT_PROJECT_VERSION = 1;
				ENABLE_PREVIEWS = YES;
				GENERATE_INFOPLIST_FILE = YES;
				INFOPLIST_KEY_UIApplicationSceneManifest_Generation = YES;
				INFOPLIST_KEY_UIApplicationSupportsIndirectInputEvents = YES;
				INFOPLIST_KEY_UILaunchScreen_Generation = YES;
				INFOPLIST_KEY_UISupportedInterfaceOrientations_iPad = "UIInterfaceOrientationPortrait UIInterfaceOrientationPortraitUpsideDown UIInterfaceOrientationLandscapeLeft UIInterfaceOrientationLandscapeRight";
				INFOPLIST_KEY_UISupportedInterfaceOrientations_iPhone = "UIInterfaceOrientationPortrait UIInterfaceOrientationLandscapeLeft UIInterfaceOrientationLandscapeRight";
				IPHONEOS_DEPLOYMENT_TARGET = 26.0;
				LD_RUNPATH_SEARCH_PATHS = (
					"$(inherited)",
					"@executable_path/Frameworks",
				);
				MARKETING_VERSION = 1.0;
				PRODUCT_BUNDLE_IDENTIFIER = com.hatakeyama.WeatherNow;
				PRODUCT_NAME = WeatherNow;
				STRING_CATALOG_GENERATE_SYMBOLS = YES;
				SWIFT_APPROACHABLE_CONCURRENCY = YES;
				SWIFT_DEFAULT_ACTOR_ISOLATION = MainActor;
				SWIFT_EMIT_LOC_STRINGS = YES;
				SWIFT_UPCOMING_FEATURE_MEMBER_IMPORT_VISIBILITY = YES;
				SWIFT_VERSION = 5.0;
				TARGETED_DEVICE_FAMILY = "1,2";
			};
			name = Debug;
		};
		F5366F182FF784B80074046C /* Release */ = {
			isa = XCBuildConfiguration;
			buildSettings = {
				ASSETCATALOG_COMPILER_APPICON_NAME = AppIcon;
				ASSETCATALOG_COMPILER_GLOBAL_ACCENT_COLOR_NAME = AccentColor;
				CODE_SIGN_STYLE = Automatic;
				CURRENT_PROJECT_VERSION = 1;
				ENABLE_PREVIEWS = YES;
				GENERATE_INFOPLIST_FILE = YES;
				INFOPLIST_KEY_UIApplicationSceneManifest_Generation = YES;
				INFOPLIST_KEY_UIApplicationSupportsIndirectInputEvents = YES;
				INFOPLIST_KEY_UILaunchScreen_Generation = YES;
				INFOPLIST_KEY_UISupportedInterfaceOrientations_iPad = "UIInterfaceOrientationPortrait UIInterfaceOrientationPortraitUpsideDown UIInterfaceOrientationLandscapeLeft UIInterfaceOrientationLandscapeRight";
				INFOPLIST_KEY_UISupportedInterfaceOrientations_iPhone = "UIInterfaceOrientationPortrait UIInterfaceOrientationLandscapeLeft UIInterfaceOrientationLandscapeRight";
				IPHONEOS_DEPLOYMENT_TARGET = 26.0;
				LD_RUNPATH_SEARCH_PATHS = (
					"$(inherited)",
					"@executable_path/Frameworks",
				);
				MARKETING_VERSION = 1.0;
				PRODUCT_BUNDLE_IDENTIFIER = com.hatakeyama.WeatherNow;
				PRODUCT_NAME = WeatherNow;
				STRING_CATALOG_GENERATE_SYMBOLS = YES;
				SWIFT_APPROACHABLE_CONCURRENCY = YES;
				SWIFT_DEFAULT_ACTOR_ISOLATION = MainActor;
				SWIFT_EMIT_LOC_STRINGS = YES;
				SWIFT_UPCOMING_FEATURE_MEMBER_IMPORT_VISIBILITY = YES;
				SWIFT_VERSION = 5.0;
				TARGETED_DEVICE_FAMILY = "1,2";
			};
			name = Release;
		};
/* End XCBuildConfiguration section */

/* Begin XCConfigurationList section */
		F5366F062FF784B70074046C /* Build configuration list for PBXProject "WeatherNow" */ = {
			isa = XCConfigurationList;
			buildConfigurations = (
				F5366F142FF784B80074046C /* Debug */,
				F5366F152FF784B80074046C /* Release */,
			);
			defaultConfigurationIsVisible = 0;
			defaultConfigurationName = Release;
		};
		F5366F162FF784B80074046C /* Build configuration list for PBXNativeTarget "WetherNow" */ = {
			isa = XCConfigurationList;
			buildConfigurations = (
				F5366F172FF784B80074046C /* Debug */,
				F5366F182FF784B80074046C /* Release */,
			);
			defaultConfigurationIsVisible = 0;
			defaultConfigurationName = Release;
		};
/* End XCConfigurationList section */

/* Begin XCRemoteSwiftPackageReference section */
		F5DC0447300084320033C5CE /* XCRemoteSwiftPackageReference "SDWebImageSwiftUI" */ = {
			isa = XCRemoteSwiftPackageReference;
			repositoryURL = "https://github.com/SDWebImage/SDWebImageSwiftUI";
			requirement = {
				kind = upToNextMajorVersion;
				minimumVersion = 3.1.4;
			};
		};
		F5DC044A300085AF0033C5CE /* XCRemoteSwiftPackageReference "SDWebImageSVGCoder" */ = {
			isa = XCRemoteSwiftPackageReference;
			repositoryURL = "https://github.com/SDWebImage/SDWebImageSVGCoder";
			requirement = {
				kind = upToNextMajorVersion;
				minimumVersion = 1.8.0;
			};
		};
/* End XCRemoteSwiftPackageReference section */

/* Begin XCSwiftPackageProductDependency section */
		F5DC0448300084320033C5CE /* SDWebImageSwiftUI */ = {
			isa = XCSwiftPackageProductDependency;
			package = F5DC0447300084320033C5CE /* XCRemoteSwiftPackageReference "SDWebImageSwiftUI" */;
			productName = SDWebImageSwiftUI;
		};
		F5DC044B300085AF0033C5CE /* SDWebImageSVGCoder */ = {
			isa = XCSwiftPackageProductDependency;
			package = F5DC044A300085AF0033C5CE /* XCRemoteSwiftPackageReference "SDWebImageSVGCoder" */;
			productName = SDWebImageSVGCoder;
		};
/* End XCSwiftPackageProductDependency section */
	};
	rootObject = F5366F032FF784B70074046C /* Project object */;
}
